
Microsoft Visual Studio Solution File, Format Version 12.00
# Visual Studio Version 16
VisualStudioVersion = 16.0.31129.286
MinimumVisualStudioVersion = 10.0.40219.1
Project("{FAE04EC0-301F-11D3-BF4B-00C04F79EFBC}") = "OwlApp", "OwlApp.csproj", "{FBA34560-0CC1-4F33-AE80-DAA946D176D7}"
EndProject
Global
	GlobalSection(SolutionConfigurationPlatforms) = preSolution
		Debug|Any CPU = Debug|Any CPU
		Release|Any CPU = Release|Any CPU
	EndGlobalSection
	GlobalSection(ProjectConfigurationPlatforms) = postSolution
		{FBA34560-0CC1-4F33-AE80-DAA946D176D7}.Debug|Any CPU.ActiveCfg = Debug|Any CPU
		{FBA34560-0CC1-4F33-AE80-DAA946D176D7}.Debug|Any CPU.Build.0 = Debug|Any CPU
		{FBA34560-0CC1-4F33-AE80-DAA946D176D7}.Release|Any CPU.ActiveCfg = Release|Any CPU
		{FBA34560-0CC1-4F33-AE80-DAA946D176D7}.Release|Any CPU.Build.0 = Release|Any CPU
	EndGlobalSection
	GlobalSection(SolutionProperties) = preSolution
		HideSolutionNode = FALSE
	EndGlobalSection
	GlobalSection(ExtensibilityGlobals) = postSolution
		SolutionGuid = {F90EE7F5-A3E3-4F60-AAC6-51C9CBC57871}
	EndGlobalSection
EndGlobal
